
Microsoft Visual Studio Solution File, Format Version 12.00
# Visual Studio Version 17
VisualStudioVersion = 17.8.34408.163
MinimumVisualStudioVersion = 10.0.40219.1
Project("{FAE04EC0-301F-11D3-BF4B-00C04F79EFBC}") = "Hearts", "Hearts\Hearts.csproj", "{D1EC6AB7-60A7-44B0-8683-0F224A9D0125}"
EndProject
Project("{FAE04EC0-301F-11D3-BF4B-00C04F79EFBC}") = "HeartsTests", "HeartsTests\HeartsTests.csproj", "{9EB950D0-EFA7-4BBB-86A8-A66614199DDD}"
EndProject
Global
	GlobalSection(SolutionConfigurationPlatforms) = preSolution
		Debug|Any CPU = Debug|Any CPU
		Release|Any CPU = Release|Any CPU
	EndGlobalSection
	GlobalSection(ProjectConfigurationPlatforms) = postSolution
		{D1EC6AB7-60A7-44B0-8683-0F224A9D0125}.Debug|Any CPU.ActiveCfg = Debug|Any CPU
		{D1EC6AB7-60A7-44B0-8683-0F224A9D0125}.Debug|Any CPU.Build.0 = Debug|Any CPU
		{D1EC6AB7-60A7-44B0-8683-0F224A9D0125}.Release|Any CPU.ActiveCfg = Release|Any CPU
		{D1EC6AB7-60A7-44B0-8683-0F224A9D0125}.Release|Any CPU.Build.0 = Release|Any CPU
		{9EB950D0-EFA7-4BBB-86A8-A66614199DDD}.Debug|Any CPU.ActiveCfg = Debug|Any CPU
		{9EB950D0-EFA7-4BBB-86A8-A66614199DDD}.Debug|Any CPU.Build.0 = Debug|Any CPU
		{9EB950D0-EFA7-4BBB-86A8-A66614199DDD}.Release|Any CPU.ActiveCfg = Release|Any CPU
		{9EB950D0-EFA7-4BBB-86A8-A66614199DDD}.Release|Any CPU.Build.0 = Release|Any CPU
	EndGlobalSection
	GlobalSection(SolutionProperties) = preSolution
		HideSolutionNode = FALSE
	EndGlobalSection
	GlobalSection(ExtensibilityGlobals) = postSolution
		SolutionGuid = {1834E592-BAA7-4C91-B226-B125F5E6170E}
	EndGlobalSection
EndGlobal
